// !$*UTF8*$!
{
	archiveVersion = 1;
	classes = {
	};
	objectVersion = 56;
	objects = {

/* Begin PBXBuildFile section */
		DADC11F829DB581D004A25FD /* groceryCalculatorApp.swift in Sources */ = {isa = PBXBuildFile; fileRef = DADC11F729DB581D004A25FD /* groceryCalculatorApp.swift */; };
		DADC11FA29DB581D004A25FD /* ContentView.swift in Sources */ = {isa = PBXBuildFile; fileRef = DADC11F929DB581D004A25FD /* ContentView.swift */; };
		DADC11FC29DB581E004A25FD /* Assets.xcassets in Resources */ = {isa = PBXBuildFile; fileRef = DADC11FB29DB581E004A25FD /* Assets.xcassets */; };
		DADC11FF29DB581E004A25FD /* Preview Assets.xcassets in Resources */ = {isa = PBXBuildFile; fileRef = DADC11FE29DB581E004A25FD /* Preview Assets.xcassets */; };
		DADC120729DB61C3004A25FD /* CoreDataModel.xcdatamodeld in Sources */ = {isa = PBXBuildFile; fileRef = DADC120529DB61C3004A25FD /* CoreDataModel.xcdatamodeld */; };
		DADC121129DB662E004A25FD /* ListName+CoreDataClass.swift in Sources */ = {isa = PBXBuildFile; fileRef = DADC120B29DB662E004A25FD /* ListName+CoreDataClass.swift */; };
		DADC121229DB662E004A25FD /* ListName+CoreDataProperties.swift in Sources */ = {isa = PBXBuildFile; fileRef = DADC120C29DB662E004A25FD /* ListName+CoreDataProperties.swift */; };
		DADC121329DB662E004A25FD /* ListItem+CoreDataClass.swift in Sources */ = {isa = PBXBuildFile; fileRef = DADC120D29DB662E004A25FD /* ListItem+CoreDataClass.swift */; };
		DADC121429DB662E004A25FD /* ListItem+CoreDataProperties.swift in Sources */ = {isa = PBXBuildFile; fileRef = DADC120E29DB662E004A25FD /* ListItem+CoreDataProperties.swift */; };
		DADC121529DB662E004A25FD /* Pantry+CoreDataClass.swift in Sources */ = {isa = PBXBuildFile; fileRef = DADC120F29DB662E004A25FD /* Pantry+CoreDataClass.swift */; };
		DADC121629DB662E004A25FD /* Pantry+CoreDataProperties.swift in Sources */ = {isa = PBXBuildFile; fileRef = DADC121029DB662E004A25FD /* Pantry+CoreDataProperties.swift */; };
		DADC121B29DB676B004A25FD /* CoreDataManager.swift in Sources */ = {isa = PBXBuildFile; fileRef = DADC121A29DB676B004A25FD /* CoreDataManager.swift */; };
/* End PBXBuildFile section */

/* Begin PBXFileReference section */
		DADC11F429DB581D004A25FD /* groceryCalculator.app */ = {isa = PBXFileReference; explicitFileType = wrapper.application; includeInIndex = 0; path = groceryCalculator.app; sourceTree = BUILT_PRODUCTS_DIR; };
		DADC11F729DB581D004A25FD /* groceryCalculatorApp.swift */ = {isa = PBXFileReference; lastKnownFileType = sourcecode.swift; path = groceryCalculatorApp.swift; sourceTree = "<group>"; };
		DADC11F929DB581D004A25FD /* ContentView.swift */ = {isa = PBXFileReference; lastKnownFileType = sourcecode.swift; path = ContentView.swift; sourceTree = "<group>"; };
		DADC11FB29DB581E004A25FD /* Assets.xcassets */ = {isa = PBXFileReference; lastKnownFileType = folder.assetcatalog; path = Assets.xcassets; sourceTree = "<group>"; };
		DADC11FE29DB581E004A25FD /* Preview Assets.xcassets */ = {isa = PBXFileReference; lastKnownFileType = folder.assetcatalog; path = "Preview Assets.xcassets"; sourceTree = "<group>"; };
		DADC120629DB61C3004A25FD /* CoreDataModel.xcdatamodel */ = {isa = PBXFileReference; lastKnownFileType = wrapper.xcdatamodel; path = CoreDataModel.xcdatamodel; sourceTree = "<group>"; };
		DADC120B29DB662E004A25FD /* ListName+CoreDataClass.swift */ = {isa = PBXFileReference; lastKnownFileType = sourcecode.swift; path = "ListName+CoreDataClass.swift"; sourceTree = "<group>"; };
		DADC120C29DB662E004A25FD /* ListName+CoreDataProperties.swift */ = {isa = PBXFileReference; lastKnownFileType = sourcecode.swift; path = "ListName+CoreDataProperties.swift"; sourceTree = "<group>"; };
		DADC120D29DB662E004A25FD /* ListItem+CoreDataClass.swift */ = {isa = PBXFileReference; lastKnownFileType = sourcecode.swift; path = "ListItem+CoreDataClass.swift"; sourceTree = "<group>"; };
		DADC120E29DB662E004A25FD /* ListItem+CoreDataProperties.swift */ = {isa = PBXFileReference; lastKnownFileType = sourcecode.swift; path = "ListItem+CoreDataProperties.swift"; sourceTree = "<group>"; };
		DADC120F29DB662E004A25FD /* Pantry+CoreDataClass.swift */ = {isa = PBXFileReference; lastKnownFileType = sourcecode.swift; path = "Pantry+CoreDataClass.swift"; sourceTree = "<group>"; };
		DADC121029DB662E004A25FD /* Pantry+CoreDataProperties.swift */ = {isa = PBXFileReference; lastKnownFileType = sourcecode.swift; path = "Pantry+CoreDataProperties.swift"; sourceTree = "<group>"; };
		DADC121A29DB676B004A25FD /* CoreDataManager.swift */ = {isa = PBXFileReference; lastKnownFileType = sourcecode.swift; path = CoreDataManager.swift; sourceTree = "<group>"; };
/* End PBXFileReference section */

/* Begin PBXFrameworksBuildPhase section */
		DADC11F129DB581D004A25FD /* Frameworks */ = {
			isa = PBXFrameworksBuildPhase;
			buildActionMask = 2147483647;
			files = (
			);
			runOnlyForDeploymentPostprocessing = 0;
		};
/* End PBXFrameworksBuildPhase section */

/* Begin PBXGroup section */
		DADC11EB29DB581D004A25FD = {
			isa = PBXGroup;
			children = (
				DADC11F629DB581D004A25FD /* groceryCalculator */,
				DADC11F529DB581D004A25FD /* Products */,
			);
			sourceTree = "<group>";
		};
		DADC11F529DB581D004A25FD /* Products */ = {
			isa = PBXGroup;
			children = (
				DADC11F429DB581D004A25FD /* groceryCalculator.app */,
			);
			name = Products;
			sourceTree = "<group>";
		};
		DADC11F629DB581D004A25FD /* groceryCalculator */ = {
			isa = PBXGroup;
			children = (
				DADC120829DB63B5004A25FD /* Core_Data */,
				DADC11F729DB581D004A25FD /* groceryCalculatorApp.swift */,
				DADC11F929DB581D004A25FD /* ContentView.swift */,
				DADC11FB29DB581E004A25FD /* Assets.xcassets */,
				DADC11FD29DB581E004A25FD /* Preview Content */,
			);
			path = groceryCalculator;
			sourceTree = "<group>";
		};
		DADC11FD29DB581E004A25FD /* Preview Content */ = {
			isa = PBXGroup;
			children = (
				DADC11FE29DB581E004A25FD /* Preview Assets.xcassets */,
			);
			path = "Preview Content";
			sourceTree = "<group>";
		};
		DADC120829DB63B5004A25FD /* Core_Data */ = {
			isa = PBXGroup;
			children = (
				DADC120929DB63C9004A25FD /* CoreDataProperties */,
				DADC120529DB61C3004A25FD /* CoreDataModel.xcdatamodeld */,
			);
			path = Core_Data;
			sourceTree = "<group>";
		};
		DADC120929DB63C9004A25FD /* CoreDataProperties */ = {
			isa = PBXGroup;
			children = (
				DADC121729DB6682004A25FD /* ListName */,
				DADC121829DB6690004A25FD /* ListItem */,
				DADC121929DB66A3004A25FD /* Pantry */,
				DADC121A29DB676B004A25FD /* CoreDataManager.swift */,
			);
			path = CoreDataProperties;
			sourceTree = "<group>";
		};
		DADC121729DB6682004A25FD /* ListName */ = {
			isa = PBXGroup;
			children = (
				DADC120B29DB662E004A25FD /* ListName+CoreDataClass.swift */,
				DADC120C29DB662E004A25FD /* ListName+CoreDataProperties.swift */,
			);
			path = ListName;
			sourceTree = "<group>";
		};
		DADC121829DB6690004A25FD /* ListItem */ = {
			isa = PBXGroup;
			children = (
				DADC120D29DB662E004A25FD /* ListItem+CoreDataClass.swift */,
				DADC120E29DB662E004A25FD /* ListItem+CoreDataProperties.swift */,
			);
			path = ListItem;
			sourceTree = "<group>";
		};
		DADC121929DB66A3004A25FD /* Pantry */ = {
			isa = PBXGroup;
			children = (
				DADC120F29DB662E004A25FD /* Pantry+CoreDataClass.swift */,
				DADC121029DB662E004A25FD /* Pantry+CoreDataProperties.swift */,
			);
			path = Pantry;
			sourceTree = "<group>";
		};
/* End PBXGroup section */

/* Begin PBXNativeTarget section */
		DADC11F329DB581D004A25FD /* groceryCalculator */ = {
			isa = PBXNativeTarget;
			buildConfigurationList = DADC120229DB581E004A25FD /* Build configuration list for PBXNativeTarget "groceryCalculator" */;
			buildPhases = (
				DADC11F029DB581D004A25FD /* Sources */,
				DADC11F129DB581D004A25FD /* Frameworks */,
				DADC11F229DB581D004A25FD /* Resources */,
			);
			buildRules = (
			);
			dependencies = (
			);
			name = groceryCalculator;
			productName = groceryCalculator;
			productReference = DADC11F429DB581D004A25FD /* groceryCalculator.app */;
			productType = "com.apple.product-type.application";
		};
/* End PBXNativeTarget section */

/* Begin PBXProject section */
		DADC11EC29DB581D004A25FD /* Project object */ = {
			isa = PBXProject;
			attributes = {
				BuildIndependentTargetsInParallel = 1;
				LastSwiftUpdateCheck = 1420;
				LastUpgradeCheck = 1420;
				TargetAttributes = {
					DADC11F329DB581D004A25FD = {
						CreatedOnToolsVersion = 14.2;
					};
				};
			};
			buildConfigurationList = DADC11EF29DB581D004A25FD /* Build configuration list for PBXProject "groceryCalculator" */;
			compatibilityVersion = "Xcode 14.0";
			developmentRegion = en;
			hasScannedForEncodings = 0;
			knownRegions = (
				en,
				Base,
			);
			mainGroup = DADC11EB29DB581D004A25FD;
			productRefGroup = DADC11F529DB581D004A25FD /* Products */;
			projectDirPath = "";
			projectRoot = "";
			targets = (
				DADC11F329DB581D004A25FD /* groceryCalculator */,
			);
		};
/* End PBXProject section */

/* Begin PBXResourcesBuildPhase section */
		DADC11F229DB581D004A25FD /* Resources */ = {
			isa = PBXResourcesBuildPhase;
			buildActionMask = 2147483647;
			files = (
				DADC11FF29DB581E004A25FD /* Preview Assets.xcassets in Resources */,
				DADC11FC29DB581E004A25FD /* Assets.xcassets in Resources */,
			);
			runOnlyForDeploymentPostprocessing = 0;
		};
/* End PBXResourcesBuildPhase section */

/* Begin PBXSourcesBuildPhase section */
		DADC11F029DB581D004A25FD /* Sources */ = {
			isa = PBXSourcesBuildPhase;
			buildActionMask = 2147483647;
			files = (
				DADC121129DB662E004A25FD /* ListName+CoreDataClass.swift in Sources */,
				DADC121229DB662E004A25FD /* ListName+CoreDataProperties.swift in Sources */,
				DADC121329DB662E004A25FD /* ListItem+CoreDataClass.swift in Sources */,
				DADC121429DB662E004A25FD /* ListItem+CoreDataProperties.swift in Sources */,
				DADC11FA29DB581D004A25FD /* ContentView.swift in Sources */,
				DADC121629DB662E004A25FD /* Pantry+CoreDataProperties.swift in Sources */,
				DADC11F829DB581D004A25FD /* groceryCalculatorApp.swift in Sources */,
				DADC120729DB61C3004A25FD /* CoreDataModel.xcdatamodeld in Sources */,
				DADC121B29DB676B004A25FD /* CoreDataManager.swift in Sources */,
				DADC121529DB662E004A25FD /* Pantry+CoreDataClass.swift in Sources */,
			);
			runOnlyForDeploymentPostprocessing = 0;
		};
/* End PBXSourcesBuildPhase section */

/* Begin XCBuildConfiguration section */
		DADC120029DB581E004A25FD /* Debug */ = {
			isa = XCBuildConfiguration;
			buildSettings = {
				ALWAYS_SEARCH_USER_PATHS = NO;
				CLANG_ANALYZER_NONNULL = YES;
				CLANG_ANALYZER_NUMBER_OBJECT_CONVERSION = YES_AGGRESSIVE;
				CLANG_CXX_LANGUAGE_STANDARD = "gnu++20";
				CLANG_ENABLE_MODULES = YES;
				CLANG_ENABLE_OBJC_ARC = YES;
				CLANG_ENABLE_OBJC_WEAK = YES;
				CLANG_WARN_BLOCK_CAPTURE_AUTORELEASING = YES;
				CLANG_WARN_BOOL_CONVERSION = YES;
				CLANG_WARN_COMMA = YES;
				CLANG_WARN_CONSTANT_CONVERSION = YES;
				CLANG_WARN_DEPRECATED_OBJC_IMPLEMENTATIONS = YES;
				CLANG_WARN_DIRECT_OBJC_ISA_USAGE = YES_ERROR;
				CLANG_WARN_DOCUMENTATION_COMMENTS = YES;
				CLANG_WARN_EMPTY_BODY = YES;
				CLANG_WARN_ENUM_CONVERSION = YES;
				CLANG_WARN_INFINITE_RECURSION = YES;
				CLANG_WARN_INT_CONVERSION = YES;
				CLANG_WARN_NON_LITERAL_NULL_CONVERSION = YES;
				CLANG_WARN_OBJC_IMPLICIT_RETAIN_SELF = YES;
				CLANG_WARN_OBJC_LITERAL_CONVERSION = YES;
				CLANG_WARN_OBJC_ROOT_CLASS = YES_ERROR;
				CLANG_WARN_QUOTED_INCLUDE_IN_FRAMEWORK_HEADER = YES;
				CLANG_WARN_RANGE_LOOP_ANALYSIS = YES;
				CLANG_WARN_STRICT_PROTOTYPES = YES;
				CLANG_WARN_SUSPICIOUS_MOVE = YES;
				CLANG_WARN_UNGUARDED_AVAILABILITY = YES_AGGRESSIVE;
				CLANG_WARN_UNREACHABLE_CODE = YES;
				CLANG_WARN__DUPLICATE_METHOD_MATCH = YES;
				COPY_PHASE_STRIP = NO;
				DEBUG_INFORMATION_FORMAT = dwarf;
				ENABLE_STRICT_OBJC_MSGSEND = YES;
				ENABLE_TESTABILITY = YES;
				GCC_C_LANGUAGE_STANDARD = gnu11;
				GCC_DYNAMIC_NO_PIC = NO;
				GCC_NO_COMMON_BLOCKS = YES;
				GCC_OPTIMIZATION_LEVEL = 0;
				GCC_PREPROCESSOR_DEFINITIONS = (
					"DEBUG=1",
					"$(inherited)",
				);
				GCC_WARN_64_TO_32_BIT_CONVERSION = YES;
				GCC_WARN_ABOUT_RETURN_TYPE = YES_ERROR;
				GCC_WARN_UNDECLARED_SELECTOR = YES;
				GCC_WARN_UNINITIALIZED_AUTOS = YES_AGGRESSIVE;
				GCC_WARN_UNUSED_FUNCTION = YES;
				GCC_WARN_UNUSED_VARIABLE = YES;
				IPHONEOS_DEPLOYMENT_TARGET = 16.2;
				MTL_ENABLE_DEBUG_INFO = INCLUDE_SOURCE;
				MTL_FAST_MATH = YES;
				ONLY_ACTIVE_ARCH = YES;
				SDKROOT = iphoneos;
				SWIFT_ACTIVE_COMPILATION_CONDITIONS = DEBUG;
				SWIFT_OPTIMIZATION_LEVEL = "-Onone";
			};
			name = Debug;
		};
		DADC120129DB581E004A25FD /* Release */ = {
			isa = XCBuildConfiguration;
			buildSettings = {
				ALWAYS_SEARCH_USER_PATHS = NO;
				CLANG_ANALYZER_NONNULL = YES;
				CLANG_ANALYZER_NUMBER_OBJECT_CONVERSION = YES_AGGRESSIVE;
				CLANG_CXX_LANGUAGE_STANDARD = "gnu++20";
				CLANG_ENABLE_MODULES = YES;
				CLANG_ENABLE_OBJC_ARC = YES;
				CLANG_ENABLE_OBJC_WEAK = YES;
				CLANG_WARN_BLOCK_CAPTURE_AUTORELEASING = YES;
				CLANG_WARN_BOOL_CONVERSION = YES;
				CLANG_WARN_COMMA = YES;
				CLANG_WARN_CONSTANT_CONVERSION = YES;
				CLANG_WARN_DEPRECATED_OBJC_IMPLEMENTATIONS = YES;
				CLANG_WARN_DIRECT_OBJC_ISA_USAGE = YES_ERROR;
				CLANG_WARN_DOCUMENTATION_COMMENTS = YES;
				CLANG_WARN_EMPTY_BODY = YES;
				CLANG_WARN_ENUM_CONVERSION = YES;
				CLANG_WARN_INFINITE_RECURSION = YES;
				CLANG_WARN_INT_CONVERSION = YES;
				CLANG_WARN_NON_LITERAL_NULL_CONVERSION = YES;
				CLANG_WARN_OBJC_IMPLICIT_RETAIN_SELF = YES;
				CLANG_WARN_OBJC_LITERAL_CONVERSION = YES;
				CLANG_WARN_OBJC_ROOT_CLASS = YES_ERROR;
				CLANG_WARN_QUOTED_INCLUDE_IN_FRAMEWORK_HEADER = YES;
				CLANG_WARN_RANGE_LOOP_ANALYSIS = YES;
				CLANG_WARN_STRICT_PROTOTYPES = YES;
				CLANG_WARN_SUSPICIOUS_MOVE = YES;
				CLANG_WARN_UNGUARDED_AVAILABILITY = YES_AGGRESSIVE;
				CLANG_WARN_UNREACHABLE_CODE = YES;
				CLANG_WARN__DUPLICATE_METHOD_MATCH = YES;
				COPY_PHASE_STRIP = NO;
				DEBUG_INFORMATION_FORMAT = "dwarf-with-dsym";
				ENABLE_NS_ASSERTIONS = NO;
				ENABLE_STRICT_OBJC_MSGSEND = YES;
				GCC_C_LANGUAGE_STANDARD = gnu11;
				GCC_NO_COMMON_BLOCKS = YES;
				GCC_WARN_64_TO_32_BIT_CONVERSION = YES;
				GCC_WARN_ABOUT_RETURN_TYPE = YES_ERROR;
				GCC_WARN_UNDECLARED_SELECTOR = YES;
				GCC_WARN_UNINITIALIZED_AUTOS = YES_AGGRESSIVE;
				GCC_WARN_UNUSED_FUNCTION = YES;
				GCC_WARN_UNUSED_VARIABLE = YES;
				IPHONEOS_DEPLOYMENT_TARGET = 16.2;
				MTL_ENABLE_DEBUG_INFO = NO;
				MTL_FAST_MATH = YES;
				SDKROOT = iphoneos;
				SWIFT_COMPILATION_MODE = wholemodule;
				SWIFT_OPTIMIZATION_LEVEL = "-O";
				VALIDATE_PRODUCT = YES;
			};
			name = Release;
		};
		DADC120329DB581E004A25FD /* Debug */ = {
			isa = XCBuildConfiguration;
			buildSettings = {
				ASSETCATALOG_COMPILER_APPICON_NAME = AppIcon;
				ASSETCATALOG_COMPILER_GLOBAL_ACCENT_COLOR_NAME = AccentColor;
				CODE_SIGN_STYLE = Automatic;
				CURRENT_PROJECT_VERSION = 1;
				DEVELOPMENT_ASSET_PATHS = "\"groceryCalculator/Preview Content\"";
				DEVELOPMENT_TEAM = 4P2C9WR2BJ;
				ENABLE_PREVIEWS = YES;
				GENERATE_INFOPLIST_FILE = YES;
				INFOPLIST_KEY_UIApplicationSceneManifest_Generation = YES;
				INFOPLIST_KEY_UIApplicationSupportsIndirectInputEvents = YES;
				INFOPLIST_KEY_UILaunchScreen_Generation = YES;
				INFOPLIST_KEY_UISupportedInterfaceOrientations_iPad = "UIInterfaceOrientationPortrait UIInterfaceOrientationPortraitUpsideDown UIInterfaceOrientationLandscapeLeft UIInterfaceOrientationLandscapeRight";
				INFOPLIST_KEY_UISupportedInterfaceOrientations_iPhone = "UIInterfaceOrientationPortrait UIInterfaceOrientationLandscapeLeft UIInterfaceOrientationLandscapeRight";
				LD_RUNPATH_SEARCH_PATHS = (
					"$(inherited)",
					"@executable_path/Frameworks",
				);
				MARKETING_VERSION = 1.0;
				PRODUCT_BUNDLE_IDENTIFIER = com.rahuladepu.groceryCalculator;
				PRODUCT_NAME = "$(TARGET_NAME)";
				SWIFT_EMIT_LOC_STRINGS = YES;
				SWIFT_VERSION = 5.0;
				TARGETED_DEVICE_FAMILY = "1,2";
			};
			name = Debug;
		};
		DADC120429DB581E004A25FD /* Release */ = {
			isa = XCBuildConfiguration;
			buildSettings = {
				ASSETCATALOG_COMPILER_APPICON_NAME = AppIcon;
				ASSETCATALOG_COMPILER_GLOBAL_ACCENT_COLOR_NAME = AccentColor;
				CODE_SIGN_STYLE = Automatic;
				CURRENT_PROJECT_VERSION = 1;
				DEVELOPMENT_ASSET_PATHS = "\"groceryCalculator/Preview Content\"";
				DEVELOPMENT_TEAM = 4P2C9WR2BJ;
				ENABLE_PREVIEWS = YES;
				GENERATE_INFOPLIST_FILE = YES;
				INFOPLIST_KEY_UIApplicationSceneManifest_Generation = YES;
				INFOPLIST_KEY_UIApplicationSupportsIndirectInputEvents = YES;
				INFOPLIST_KEY_UILaunchScreen_Generation = YES;
				INFOPLIST_KEY_UISupportedInterfaceOrientations_iPad = "UIInterfaceOrientationPortrait UIInterfaceOrientationPortraitUpsideDown UIInterfaceOrientationLandscapeLeft UIInterfaceOrientationLandscapeRight";
				INFOPLIST_KEY_UISupportedInterfaceOrientations_iPhone = "UIInterfaceOrientationPortrait UIInterfaceOrientationLandscapeLeft UIInterfaceOrientationLandscapeRight";
				LD_RUNPATH_SEARCH_PATHS = (
					"$(inherited)",
					"@executable_path/Frameworks",
				);
				MARKETING_VERSION = 1.0;
				PRODUCT_BUNDLE_IDENTIFIER = com.rahuladepu.groceryCalculator;
				PRODUCT_NAME = "$(TARGET_NAME)";
				SWIFT_EMIT_LOC_STRINGS = YES;
				SWIFT_VERSION = 5.0;
				TARGETED_DEVICE_FAMILY = "1,2";
			};
			name = Release;
		};
/* End XCBuildConfiguration section */

/* Begin XCConfigurationList section */
		DADC11EF29DB581D004A25FD /* Build configuration list for PBXProject "groceryCalculator" */ = {
			isa = XCConfigurationList;
			buildConfigurations = (
				DADC120029DB581E004A25FD /* Debug */,
				DADC120129DB581E004A25FD /* Release */,
			);
			defaultConfigurationIsVisible = 0;
			defaultConfigurationName = Release;
		};
		DADC120229DB581E004A25FD /* Build configuration list for PBXNativeTarget "groceryCalculator" */ = {
			isa = XCConfigurationList;
			buildConfigurations = (
				DADC120329DB581E004A25FD /* Debug */,
				DADC120429DB581E004A25FD /* Release */,
			);
			defaultConfigurationIsVisible = 0;
			defaultConfigurationName = Release;
		};
/* End XCConfigurationList section */

/* Begin XCVersionGroup section */
		DADC120529DB61C3004A25FD /* CoreDataModel.xcdatamodeld */ = {
			isa = XCVersionGroup;
			children = (
				DADC120629DB61C3004A25FD /* CoreDataModel.xcdatamodel */,
			);
			currentVersion = DADC120629DB61C3004A25FD /* CoreDataModel.xcdatamodel */;
			path = CoreDataModel.xcdatamodeld;
			sourceTree = "<group>";
			versionGroupType = wrapper.xcdatamodel;
		};
/* End XCVersionGroup section */
	};
	rootObject = DADC11EC29DB581D004A25FD /* Project object */;
}
